// !$*UTF8*$!
{
	archiveVersion = 1;
	classes = {
	};
	objectVersion = 77;
	objects = {

/* Begin PBXBuildFile section */
		0A875D9D2E600B7100245D4A /* WidgetKit.framework in Frameworks */ = {isa = PBXBuildFile; fileRef = 0A875D9C2E600B7100245D4A /* WidgetKit.framework */; };
		0A875D9F2E600B7100245D4A /* SwiftUI.framework in Frameworks */ = {isa = PBXBuildFile; fileRef = 0A875D9E2E600B7100245D4A /* SwiftUI.framework */; };
		0A875DAC2E600B7300245D4A /* SonoraLiveActivityExtension.appex in Embed Foundation Extensions */ = {isa = PBXBuildFile; fileRef = 0A875D9A2E600B7100245D4A /* SonoraLiveActivityExtension.appex */; settings = {ATTRIBUTES = (RemoveHeadersOnCopy, ); }; };
		0AA6FA102E63710600C8BF7A /* ZIPFoundation in Frameworks */ = {isa = PBXBuildFile; productRef = 0AA6FA0F2E63710600C8BF7A /* ZIPFoundation */; };
		28AD2BFF2E88D5230037363C /* StoreKit.framework in Frameworks */ = {isa = PBXBuildFile; fileRef = 28AD2BFE2E88D5230037363C /* StoreKit.framework */; };
/* End PBXBuildFile section */

/* Begin PBXContainerItemProxy section */
		0A3974182E5A6CA600F27D16 /* PBXContainerItemProxy */ = {
			isa = PBXContainerItemProxy;
			containerPortal = 0A3974022E5A6CA400F27D16 /* Project object */;
			proxyType = 1;
			remoteGlobalIDString = 0A3974092E5A6CA400F27D16;
			remoteInfo = Sonora;
		};
		0A3974222E5A6CA600F27D16 /* PBXContainerItemProxy */ = {
			isa = PBXContainerItemProxy;
			containerPortal = 0A3974022E5A6CA400F27D16 /* Project object */;
			proxyType = 1;
			remoteGlobalIDString = 0A3974092E5A6CA400F27D16;
			remoteInfo = Sonora;
		};
		0A875DAA2E600B7300245D4A /* PBXContainerItemProxy */ = {
			isa = PBXContainerItemProxy;
			containerPortal = 0A3974022E5A6CA400F27D16 /* Project object */;
			proxyType = 1;
			remoteGlobalIDString = 0A875D992E600B7100245D4A;
			remoteInfo = SonoraLiveActivityExtension;
		};
/* End PBXContainerItemProxy section */

/* Begin PBXCopyFilesBuildPhase section */
		0A875DB12E600B7300245D4A /* Embed Foundation Extensions */ = {
			isa = PBXCopyFilesBuildPhase;
			buildActionMask = 2147483647;
			dstPath = "";
			dstSubfolderSpec = 13;
			files = (
				0A875DAC2E600B7300245D4A /* SonoraLiveActivityExtension.appex in Embed Foundation Extensions */,
			);
			name = "Embed Foundation Extensions";
			runOnlyForDeploymentPostprocessing = 0;
		};
/* End PBXCopyFilesBuildPhase section */

/* Begin PBXFileReference section */
		0A39740A2E5A6CA400F27D16 /* Sonora.app */ = {isa = PBXFileReference; explicitFileType = wrapper.application; includeInIndex = 0; path = Sonora.app; sourceTree = BUILT_PRODUCTS_DIR; };
		0A3974172E5A6CA600F27D16 /* SonoraTests.xctest */ = {isa = PBXFileReference; explicitFileType = wrapper.cfbundle; includeInIndex = 0; path = SonoraTests.xctest; sourceTree = BUILT_PRODUCTS_DIR; };
		0A3974212E5A6CA600F27D16 /* SonoraUITests.xctest */ = {isa = PBXFileReference; explicitFileType = wrapper.cfbundle; includeInIndex = 0; path = SonoraUITests.xctest; sourceTree = BUILT_PRODUCTS_DIR; };
		0A875D9A2E600B7100245D4A /* SonoraLiveActivityExtension.appex */ = {isa = PBXFileReference; explicitFileType = "wrapper.app-extension"; includeInIndex = 0; path = SonoraLiveActivityExtension.appex; sourceTree = BUILT_PRODUCTS_DIR; };
		0A875D9C2E600B7100245D4A /* WidgetKit.framework */ = {isa = PBXFileReference; lastKnownFileType = wrapper.framework; name = WidgetKit.framework; path = System/Library/Frameworks/WidgetKit.framework; sourceTree = SDKROOT; };
		0A875D9E2E600B7100245D4A /* SwiftUI.framework */ = {isa = PBXFileReference; lastKnownFileType = wrapper.framework; name = SwiftUI.framework; path = System/Library/Frameworks/SwiftUI.framework; sourceTree = SDKROOT; };
		0A875DB32E600BB900245D4A /* SonoraLiveActivityExtension.entitlements */ = {isa = PBXFileReference; lastKnownFileType = text.plist.entitlements; path = SonoraLiveActivityExtension.entitlements; sourceTree = "<group>"; };
		28AD2BFC2E88B2790037363C /* SKProducts.storekit */ = {isa = PBXFileReference; lastKnownFileType = text; name = SKProducts.storekit; path = Sonora/StoreKit/SKProducts.storekit; sourceTree = "<group>"; };
		28AD2BFD2E88D4780037363C /* SKProducts.storekit */ = {isa = PBXFileReference; lastKnownFileType = text; name = SKProducts.storekit; path = Sonora/StoreKit/SKProducts.storekit; sourceTree = "<group>"; };
		28AD2BFE2E88D5230037363C /* StoreKit.framework */ = {isa = PBXFileReference; lastKnownFileType = wrapper.framework; name = StoreKit.framework; path = System/Library/Frameworks/StoreKit.framework; sourceTree = SDKROOT; };
		28AD2C002E88D8B50037363C /* SKProducts.storekit */ = {isa = PBXFileReference; lastKnownFileType = text; name = SKProducts.storekit; path = Sonora/StoreKit/SKProducts.storekit; sourceTree = "<group>"; };
/* End PBXFileReference section */

/* Begin PBXFileSystemSynchronizedBuildFileExceptionSet section */
		0A7F22DA2E5C0DB0003D9787 /* Exceptions for "Sonora" folder in "Sonora" target */ = {
			isa = PBXFileSystemSynchronizedBuildFileExceptionSet;
			membershipExceptions = (
				Info.plist,
			);
			target = 0A3974092E5A6CA400F27D16 /* Sonora */;
		};
		0A875DB02E600B7300245D4A /* Exceptions for "SonoraLiveActivity" folder in "SonoraLiveActivityExtension" target */ = {
			isa = PBXFileSystemSynchronizedBuildFileExceptionSet;
			membershipExceptions = (
				Info.plist,
			);
			target = 0A875D992E600B7100245D4A /* SonoraLiveActivityExtension */;
		};
		0A875DBA2E600F3800245D4A /* Exceptions for "Sonora" folder in "SonoraLiveActivityExtension" target */ = {
			isa = PBXFileSystemSynchronizedBuildFileExceptionSet;
			membershipExceptions = (
				LiveActivity/SonoraLiveActivityAttributes.swift,
			);
			target = 0A875D992E600B7100245D4A /* SonoraLiveActivityExtension */;
		};
		0A875EC12E6101F500245D4A /* Exceptions for "SonoraLiveActivity" folder in "Sonora" target */ = {
			isa = PBXFileSystemSynchronizedBuildFileExceptionSet;
			membershipExceptions = (
				StopRecordingIntent.swift,
			);
			target = 0A3974092E5A6CA400F27D16 /* Sonora */;
		};
/* End PBXFileSystemSynchronizedBuildFileExceptionSet section */

/* Begin PBXFileSystemSynchronizedRootGroup section */
		0A39740C2E5A6CA400F27D16 /* Sonora */ = {
			isa = PBXFileSystemSynchronizedRootGroup;
			exceptions = (
				0A7F22DA2E5C0DB0003D9787 /* Exceptions for "Sonora" folder in "Sonora" target */,
				0A875DBA2E600F3800245D4A /* Exceptions for "Sonora" folder in "SonoraLiveActivityExtension" target */,
			);
			path = Sonora;
			sourceTree = "<group>";
		};
		0A39741A2E5A6CA600F27D16 /* SonoraTests */ = {
			isa = PBXFileSystemSynchronizedRootGroup;
			path = SonoraTests;
			sourceTree = "<group>";
		};
		0A3974242E5A6CA600F27D16 /* SonoraUITests */ = {
			isa = PBXFileSystemSynchronizedRootGroup;
			path = SonoraUITests;
			sourceTree = "<group>";
		};
		0A875DA02E600B7100245D4A /* SonoraLiveActivity */ = {
			isa = PBXFileSystemSynchronizedRootGroup;
			exceptions = (
				0A875EC12E6101F500245D4A /* Exceptions for "SonoraLiveActivity" folder in "Sonora" target */,
				0A875DB02E600B7300245D4A /* Exceptions for "SonoraLiveActivity" folder in "SonoraLiveActivityExtension" target */,
			);
			path = SonoraLiveActivity;
			sourceTree = "<group>";
		};
/* End PBXFileSystemSynchronizedRootGroup section */

/* Begin PBXFrameworksBuildPhase section */
		0A3974072E5A6CA400F27D16 /* Frameworks */ = {
			isa = PBXFrameworksBuildPhase;
			buildActionMask = 2147483647;
			files = (
				0AA6FA102E63710600C8BF7A /* ZIPFoundation in Frameworks */,
				28AD2BFF2E88D5230037363C /* StoreKit.framework in Frameworks */,
			);
			runOnlyForDeploymentPostprocessing = 0;
		};
		0A3974142E5A6CA600F27D16 /* Frameworks */ = {
			isa = PBXFrameworksBuildPhase;
			buildActionMask = 2147483647;
			files = (
			);
			runOnlyForDeploymentPostprocessing = 0;
		};
		0A39741E2E5A6CA600F27D16 /* Frameworks */ = {
			isa = PBXFrameworksBuildPhase;
			buildActionMask = 2147483647;
			files = (
			);
			runOnlyForDeploymentPostprocessing = 0;
		};
		0A875D972E600B7100245D4A /* Frameworks */ = {
			isa = PBXFrameworksBuildPhase;
			buildActionMask = 2147483647;
			files = (
				0A875D9F2E600B7100245D4A /* SwiftUI.framework in Frameworks */,
				0A875D9D2E600B7100245D4A /* WidgetKit.framework in Frameworks */,
			);
			runOnlyForDeploymentPostprocessing = 0;
		};
/* End PBXFrameworksBuildPhase section */

/* Begin PBXGroup section */
		0A3974012E5A6CA400F27D16 = {
			isa = PBXGroup;
			children = (
				28AD2BFC2E88B2790037363C /* SKProducts.storekit */,
				28AD2BFD2E88D4780037363C /* SKProducts.storekit */,
				28AD2C002E88D8B50037363C /* SKProducts.storekit */,
				0A875DB32E600BB900245D4A /* SonoraLiveActivityExtension.entitlements */,
				0A39740C2E5A6CA400F27D16 /* Sonora */,
				0A39741A2E5A6CA600F27D16 /* SonoraTests */,
				0A3974242E5A6CA600F27D16 /* SonoraUITests */,
				0A875DA02E600B7100245D4A /* SonoraLiveActivity */,
				0A875D9B2E600B7100245D4A /* Frameworks */,
				0A39740B2E5A6CA400F27D16 /* Products */,
			);
			sourceTree = "<group>";
		};
		0A39740B2E5A6CA400F27D16 /* Products */ = {
			isa = PBXGroup;
			children = (
				0A39740A2E5A6CA400F27D16 /* Sonora.app */,
				0A3974172E5A6CA600F27D16 /* SonoraTests.xctest */,
				0A3974212E5A6CA600F27D16 /* SonoraUITests.xctest */,
				0A875D9A2E600B7100245D4A /* SonoraLiveActivityExtension.appex */,
			);
			name = Products;
			sourceTree = "<group>";
		};
		0A875D9B2E600B7100245D4A /* Frameworks */ = {
			isa = PBXGroup;
			children = (
				28AD2BFE2E88D5230037363C /* StoreKit.framework */,
				0A875D9C2E600B7100245D4A /* WidgetKit.framework */,
				0A875D9E2E600B7100245D4A /* SwiftUI.framework */,
			);
			name = Frameworks;
			sourceTree = "<group>";
		};
/* End PBXGroup section */

/* Begin PBXNativeTarget section */
		0A3974092E5A6CA400F27D16 /* Sonora */ = {
			isa = PBXNativeTarget;
			buildConfigurationList = 0A39742B2E5A6CA600F27D16 /* Build configuration list for PBXNativeTarget "Sonora" */;
			buildPhases = (
				0A3974062E5A6CA400F27D16 /* Sources */,
				0A3974072E5A6CA400F27D16 /* Frameworks */,
				0A3974082E5A6CA400F27D16 /* Resources */,
				0A875DB12E600B7300245D4A /* Embed Foundation Extensions */,
			);
			buildRules = (
			);
			dependencies = (
				0A875DAB2E600B7300245D4A /* PBXTargetDependency */,
			);
			fileSystemSynchronizedGroups = (
				0A39740C2E5A6CA400F27D16 /* Sonora */,
			);
			name = Sonora;
			packageProductDependencies = (
				0AA6FA0F2E63710600C8BF7A /* ZIPFoundation */,
			);
			productName = Sonora;
			productReference = 0A39740A2E5A6CA400F27D16 /* Sonora.app */;
			productType = "com.apple.product-type.application";
		};
		0A3974162E5A6CA600F27D16 /* SonoraTests */ = {
			isa = PBXNativeTarget;
			buildConfigurationList = 0A39742E2E5A6CA600F27D16 /* Build configuration list for PBXNativeTarget "SonoraTests" */;
			buildPhases = (
				0A3974132E5A6CA600F27D16 /* Sources */,
				0A3974142E5A6CA600F27D16 /* Frameworks */,
				0A3974152E5A6CA600F27D16 /* Resources */,
			);
			buildRules = (
			);
			dependencies = (
				0A3974192E5A6CA600F27D16 /* PBXTargetDependency */,
			);
			fileSystemSynchronizedGroups = (
				0A39741A2E5A6CA600F27D16 /* SonoraTests */,
			);
			name = SonoraTests;
			packageProductDependencies = (
			);
			productName = SonoraTests;
			productReference = 0A3974172E5A6CA600F27D16 /* SonoraTests.xctest */;
			productType = "com.apple.product-type.bundle.unit-test";
		};
		0A3974202E5A6CA600F27D16 /* SonoraUITests */ = {
			isa = PBXNativeTarget;
			buildConfigurationList = 0A3974312E5A6CA600F27D16 /* Build configuration list for PBXNativeTarget "SonoraUITests" */;
			buildPhases = (
				0A39741D2E5A6CA600F27D16 /* Sources */,
				0A39741E2E5A6CA600F27D16 /* Frameworks */,
				0A39741F2E5A6CA600F27D16 /* Resources */,
			);
			buildRules = (
			);
			dependencies = (
				0A3974232E5A6CA600F27D16 /* PBXTargetDependency */,
			);
			fileSystemSynchronizedGroups = (
				0A3974242E5A6CA600F27D16 /* SonoraUITests */,
			);
			name = SonoraUITests;
			packageProductDependencies = (
			);
			productName = SonoraUITests;
			productReference = 0A3974212E5A6CA600F27D16 /* SonoraUITests.xctest */;
			productType = "com.apple.product-type.bundle.ui-testing";
		};
		0A875D992E600B7100245D4A /* SonoraLiveActivityExtension */ = {
			isa = PBXNativeTarget;
			buildConfigurationList = 0A875DAD2E600B7300245D4A /* Build configuration list for PBXNativeTarget "SonoraLiveActivityExtension" */;
			buildPhases = (
				0A875D962E600B7100245D4A /* Sources */,
				0A875D972E600B7100245D4A /* Frameworks */,
				0A875D982E600B7100245D4A /* Resources */,
			);
			buildRules = (
			);
			dependencies = (
			);
			fileSystemSynchronizedGroups = (
				0A875DA02E600B7100245D4A /* SonoraLiveActivity */,
			);
			name = SonoraLiveActivityExtension;
			packageProductDependencies = (
			);
			productName = SonoraLiveActivityExtension;
			productReference = 0A875D9A2E600B7100245D4A /* SonoraLiveActivityExtension.appex */;
			productType = "com.apple.product-type.app-extension";
		};
/* End PBXNativeTarget section */

/* Begin PBXProject section */
		0A3974022E5A6CA400F27D16 /* Project object */ = {
			isa = PBXProject;
			attributes = {
				BuildIndependentTargetsInParallel = 1;
				IDETrustedMacroCommands = (
					LLM.LLMMacrosImplementation,
				);
				LastSwiftUpdateCheck = 1640;
				LastUpgradeCheck = 2600;
				TargetAttributes = {
					0A3974092E5A6CA400F27D16 = {
						CreatedOnToolsVersion = 16.4;
					};
					0A3974162E5A6CA600F27D16 = {
						CreatedOnToolsVersion = 16.4;
						TestTargetID = 0A3974092E5A6CA400F27D16;
					};
					0A3974202E5A6CA600F27D16 = {
						CreatedOnToolsVersion = 16.4;
						TestTargetID = 0A3974092E5A6CA400F27D16;
					};
					0A875D992E600B7100245D4A = {
						CreatedOnToolsVersion = 16.4;
					};
				};
			};
			buildConfigurationList = 0A3974052E5A6CA400F27D16 /* Build configuration list for PBXProject "Sonora" */;
			developmentRegion = en;
			hasScannedForEncodings = 0;
			knownRegions = (
				en,
				Base,
			);
			mainGroup = 0A3974012E5A6CA400F27D16;
			minimizedProjectReferenceProxies = 1;
			packageReferences = (
				0AA6FA0E2E63710600C8BF7A /* XCRemoteSwiftPackageReference "ZIPFoundation" */,
			);
			preferredProjectObjectVersion = 77;
			productRefGroup = 0A39740B2E5A6CA400F27D16 /* Products */;
			projectDirPath = "";
			projectRoot = "";
			targets = (
				0A3974092E5A6CA400F27D16 /* Sonora */,
				0A3974162E5A6CA600F27D16 /* SonoraTests */,
				0A3974202E5A6CA600F27D16 /* SonoraUITests */,
				0A875D992E600B7100245D4A /* SonoraLiveActivityExtension */,
			);
		};
/* End PBXProject section */

/* Begin PBXResourcesBuildPhase section */
		0A3974082E5A6CA400F27D16 /* Resources */ = {
			isa = PBXResourcesBuildPhase;
			buildActionMask = 2147483647;
			files = (
			);
			runOnlyForDeploymentPostprocessing = 0;
		};
		0A3974152E5A6CA600F27D16 /* Resources */ = {
			isa = PBXResourcesBuildPhase;
			buildActionMask = 2147483647;
			files = (
			);
			runOnlyForDeploymentPostprocessing = 0;
		};
		0A39741F2E5A6CA600F27D16 /* Resources */ = {
			isa = PBXResourcesBuildPhase;
			buildActionMask = 2147483647;
			files = (
			);
			runOnlyForDeploymentPostprocessing = 0;
		};
		0A875D982E600B7100245D4A /* Resources */ = {
			isa = PBXResourcesBuildPhase;
			buildActionMask = 2147483647;
			files = (
			);
			runOnlyForDeploymentPostprocessing = 0;
		};
/* End PBXResourcesBuildPhase section */

/* Begin PBXSourcesBuildPhase section */
		0A3974062E5A6CA400F27D16 /* Sources */ = {
			isa = PBXSourcesBuildPhase;
			buildActionMask = 2147483647;
			files = (
			);
			runOnlyForDeploymentPostprocessing = 0;
		};
		0A3974132E5A6CA600F27D16 /* Sources */ = {
			isa = PBXSourcesBuildPhase;
			buildActionMask = 2147483647;
			files = (
			);
			runOnlyForDeploymentPostprocessing = 0;
		};
		0A39741D2E5A6CA600F27D16 /* Sources */ = {
			isa = PBXSourcesBuildPhase;
			buildActionMask = 2147483647;
			files = (
			);
			runOnlyForDeploymentPostprocessing = 0;
		};
		0A875D962E600B7100245D4A /* Sources */ = {
			isa = PBXSourcesBuildPhase;
			buildActionMask = 2147483647;
			files = (
			);
			runOnlyForDeploymentPostprocessing = 0;
		};
/* End PBXSourcesBuildPhase section */

/* Begin PBXTargetDependency section */
		0A3974192E5A6CA600F27D16 /* PBXTargetDependency */ = {
			isa = PBXTargetDependency;
			target = 0A3974092E5A6CA400F27D16 /* Sonora */;
			targetProxy = 0A3974182E5A6CA600F27D16 /* PBXContainerItemProxy */;
		};
		0A3974232E5A6CA600F27D16 /* PBXTargetDependency */ = {
			isa = PBXTargetDependency;
			target = 0A3974092E5A6CA400F27D16 /* Sonora */;
			targetProxy = 0A3974222E5A6CA600F27D16 /* PBXContainerItemProxy */;
		};
		0A875DAB2E600B7300245D4A /* PBXTargetDependency */ = {
			isa = PBXTargetDependency;
			target = 0A875D992E600B7100245D4A /* SonoraLiveActivityExtension */;
			targetProxy = 0A875DAA2E600B7300245D4A /* PBXContainerItemProxy */;
		};
/* End PBXTargetDependency section */

/* Begin XCBuildConfiguration section */
		0A3974292E5A6CA600F27D16 /* Debug */ = {
			isa = XCBuildConfiguration;
			buildSettings = {
				ALWAYS_SEARCH_USER_PATHS = NO;
				ASSETCATALOG_COMPILER_GENERATE_SWIFT_ASSET_SYMBOL_EXTENSIONS = YES;
				CLANG_ANALYZER_NONNULL = YES;
				CLANG_ANALYZER_NUMBER_OBJECT_CONVERSION = YES_AGGRESSIVE;
				CLANG_CXX_LANGUAGE_STANDARD = "gnu++20";
				CLANG_ENABLE_MODULES = YES;
				CLANG_ENABLE_OBJC_ARC = YES;
				CLANG_ENABLE_OBJC_WEAK = YES;
				CLANG_WARN_BLOCK_CAPTURE_AUTORELEASING = YES;
				CLANG_WARN_BOOL_CONVERSION = YES;
				CLANG_WARN_COMMA = YES;
				CLANG_WARN_CONSTANT_CONVERSION = YES;
				CLANG_WARN_DEPRECATED_OBJC_IMPLEMENTATIONS = YES;
				CLANG_WARN_DIRECT_OBJC_ISA_USAGE = YES_ERROR;
				CLANG_WARN_DOCUMENTATION_COMMENTS = YES;
				CLANG_WARN_EMPTY_BODY = YES;
				CLANG_WARN_ENUM_CONVERSION = YES;
				CLANG_WARN_INFINITE_RECURSION = YES;
				CLANG_WARN_INT_CONVERSION = YES;
				CLANG_WARN_NON_LITERAL_NULL_CONVERSION = YES;
				CLANG_WARN_OBJC_IMPLICIT_RETAIN_SELF = YES;
				CLANG_WARN_OBJC_LITERAL_CONVERSION = YES;
				CLANG_WARN_OBJC_ROOT_CLASS = YES_ERROR;
				CLANG_WARN_QUOTED_INCLUDE_IN_FRAMEWORK_HEADER = YES;
				CLANG_WARN_RANGE_LOOP_ANALYSIS = YES;
				CLANG_WARN_STRICT_PROTOTYPES = YES;
				CLANG_WARN_SUSPICIOUS_MOVE = YES;
				CLANG_WARN_UNGUARDED_AVAILABILITY = YES_AGGRESSIVE;
				CLANG_WARN_UNREACHABLE_CODE = YES;
				CLANG_WARN__DUPLICATE_METHOD_MATCH = YES;
				COPY_PHASE_STRIP = NO;
				DEBUG_INFORMATION_FORMAT = dwarf;
				DEVELOPMENT_TEAM = 9XWM5T8A87;
				ENABLE_STRICT_OBJC_MSGSEND = YES;
				ENABLE_TESTABILITY = YES;
				ENABLE_USER_SCRIPT_SANDBOXING = YES;
				GCC_C_LANGUAGE_STANDARD = gnu17;
				GCC_DYNAMIC_NO_PIC = NO;
				GCC_NO_COMMON_BLOCKS = YES;
				GCC_OPTIMIZATION_LEVEL = 0;
				GCC_PREPROCESSOR_DEFINITIONS = (
					"DEBUG=1",
					"$(inherited)",
				);
				GCC_WARN_64_TO_32_BIT_CONVERSION = YES;
				GCC_WARN_ABOUT_RETURN_TYPE = YES_ERROR;
				GCC_WARN_UNDECLARED_SELECTOR = YES;
				GCC_WARN_UNINITIALIZED_AUTOS = YES_AGGRESSIVE;
				GCC_WARN_UNUSED_FUNCTION = YES;
				GCC_WARN_UNUSED_VARIABLE = YES;
				INFOPLIST_KEY_NSSupportsLiveActivities = YES;
				INFOPLIST_KEY_NSSupportsLiveActivitiesFrequentUpdates = NO;
				IPHONEOS_DEPLOYMENT_TARGET = 17.6;
				LOCALIZATION_PREFERS_STRING_CATALOGS = YES;
				MTL_ENABLE_DEBUG_INFO = INCLUDE_SOURCE;
				MTL_FAST_MATH = YES;
				ONLY_ACTIVE_ARCH = YES;
				SDKROOT = iphoneos;
				STRING_CATALOG_GENERATE_SYMBOLS = YES;
				SWIFT_ACTIVE_COMPILATION_CONDITIONS = "DEBUG $(inherited)";
				SWIFT_ENABLE_MACRO = YES;
				SWIFT_OPTIMIZATION_LEVEL = "-Onone";
			};
			name = Debug;
		};
		0A39742A2E5A6CA600F27D16 /* Release */ = {
			isa = XCBuildConfiguration;
			buildSettings = {
				ALWAYS_SEARCH_USER_PATHS = NO;
				ASSETCATALOG_COMPILER_GENERATE_SWIFT_ASSET_SYMBOL_EXTENSIONS = YES;
				CLANG_ANALYZER_NONNULL = YES;
				CLANG_ANALYZER_NUMBER_OBJECT_CONVERSION = YES_AGGRESSIVE;
				CLANG_CXX_LANGUAGE_STANDARD = "gnu++20";
				CLANG_ENABLE_MODULES = YES;
				CLANG_ENABLE_OBJC_ARC = YES;
				CLANG_ENABLE_OBJC_WEAK = YES;
				CLANG_WARN_BLOCK_CAPTURE_AUTORELEASING = YES;
				CLANG_WARN_BOOL_CONVERSION = YES;
				CLANG_WARN_COMMA = YES;
				CLANG_WARN_CONSTANT_CONVERSION = YES;
				CLANG_WARN_DEPRECATED_OBJC_IMPLEMENTATIONS = YES;
				CLANG_WARN_DIRECT_OBJC_ISA_USAGE = YES_ERROR;
				CLANG_WARN_DOCUMENTATION_COMMENTS = YES;
				CLANG_WARN_EMPTY_BODY = YES;
				CLANG_WARN_ENUM_CONVERSION = YES;
				CLANG_WARN_INFINITE_RECURSION = YES;
				CLANG_WARN_INT_CONVERSION = YES;
				CLANG_WARN_NON_LITERAL_NULL_CONVERSION = YES;
				CLANG_WARN_OBJC_IMPLICIT_RETAIN_SELF = YES;
				CLANG_WARN_OBJC_LITERAL_CONVERSION = YES;
				CLANG_WARN_OBJC_ROOT_CLASS = YES_ERROR;
				CLANG_WARN_QUOTED_INCLUDE_IN_FRAMEWORK_HEADER = YES;
				CLANG_WARN_RANGE_LOOP_ANALYSIS = YES;
				CLANG_WARN_STRICT_PROTOTYPES = YES;
				CLANG_WARN_SUSPICIOUS_MOVE = YES;
				CLANG_WARN_UNGUARDED_AVAILABILITY = YES_AGGRESSIVE;
				CLANG_WARN_UNREACHABLE_CODE = YES;
				CLANG_WARN__DUPLICATE_METHOD_MATCH = YES;
				COPY_PHASE_STRIP = NO;
				DEBUG_INFORMATION_FORMAT = "dwarf-with-dsym";
				DEVELOPMENT_TEAM = 9XWM5T8A87;
				ENABLE_NS_ASSERTIONS = NO;
				ENABLE_STRICT_OBJC_MSGSEND = YES;
				ENABLE_USER_SCRIPT_SANDBOXING = YES;
				GCC_C_LANGUAGE_STANDARD = gnu17;
				GCC_NO_COMMON_BLOCKS = YES;
				GCC_WARN_64_TO_32_BIT_CONVERSION = YES;
				GCC_WARN_ABOUT_RETURN_TYPE = YES_ERROR;
				GCC_WARN_UNDECLARED_SELECTOR = YES;
				GCC_WARN_UNINITIALIZED_AUTOS = YES_AGGRESSIVE;
				GCC_WARN_UNUSED_FUNCTION = YES;
				GCC_WARN_UNUSED_VARIABLE = YES;
				INFOPLIST_KEY_NSSupportsLiveActivities = YES;
				INFOPLIST_KEY_NSSupportsLiveActivitiesFrequentUpdates = NO;
				IPHONEOS_DEPLOYMENT_TARGET = 17.6;
				LOCALIZATION_PREFERS_STRING_CATALOGS = YES;
				MTL_ENABLE_DEBUG_INFO = NO;
				MTL_FAST_MATH = YES;
				SDKROOT = iphoneos;
				STRING_CATALOG_GENERATE_SYMBOLS = YES;
				SWIFT_COMPILATION_MODE = wholemodule;
				SWIFT_ENABLE_MACRO = YES;
				VALIDATE_PRODUCT = YES;
			};
			name = Release;
		};
		0A39742C2E5A6CA600F27D16 /* Debug */ = {
			isa = XCBuildConfiguration;
			buildSettings = {
				ASSETCATALOG_COMPILER_APPICON_NAME = AppIcon;
				ASSETCATALOG_COMPILER_GLOBAL_ACCENT_COLOR_NAME = AccentColor;
				CODE_SIGN_ENTITLEMENTS = Sonora/Sonora.entitlements;
				CODE_SIGN_STYLE = Automatic;
				CURRENT_PROJECT_VERSION = 1;
				DEVELOPMENT_TEAM = 9XWM5T8A87;
				ENABLE_PREVIEWS = YES;
				GENERATE_INFOPLIST_FILE = YES;
				INFOPLIST_FILE = Sonora/Info.plist;
				INFOPLIST_KEY_CFBundleDisplayName = Sonora;
				INFOPLIST_KEY_LSApplicationCategoryType = "public.app-category.productivity";
				INFOPLIST_KEY_NSMicrophoneUsageDescription = "Sonora records your voice memos. Recordings are saved on your device. If you enable cloud transcription, audio is sent securely for processing; on-device transcription is also available.";
				INFOPLIST_KEY_NSSupportsLiveActivities = YES;
				INFOPLIST_KEY_NSSupportsLiveActivitiesFrequentUpdates = NO;
				INFOPLIST_KEY_UIApplicationSceneManifest_Generation = YES;
				INFOPLIST_KEY_UIApplicationSupportsIndirectInputEvents = YES;
				INFOPLIST_KEY_UILaunchScreen_Generation = YES;
				INFOPLIST_KEY_UISupportedInterfaceOrientations = UIInterfaceOrientationPortrait;
				INFOPLIST_KEY_UISupportedInterfaceOrientations_iPad = "UIInterfaceOrientationLandscapeLeft UIInterfaceOrientationLandscapeRight UIInterfaceOrientationPortrait UIInterfaceOrientationPortraitUpsideDown";
				IPHONEOS_DEPLOYMENT_TARGET = 17.6;
				LD_RUNPATH_SEARCH_PATHS = (
					"$(inherited)",
					"@executable_path/Frameworks",
				);
				MARKETING_VERSION = 1.1.0;
				PRODUCT_BUNDLE_IDENTIFIER = com.samuelkahessay.Sonora;
				PRODUCT_NAME = "$(TARGET_NAME)";
				SUPPORTED_PLATFORMS = "iphoneos iphonesimulator";
				SUPPORTS_MACCATALYST = NO;
				SUPPORTS_MAC_DESIGNED_FOR_IPHONE_IPAD = NO;
				SUPPORTS_XR_DESIGNED_FOR_IPHONE_IPAD = NO;
				SWIFT_EMIT_LOC_STRINGS = YES;
				SWIFT_ENABLE_MACRO = YES;
				SWIFT_VERSION = 6.0;
				TARGETED_DEVICE_FAMILY = 1;
			};
			name = Debug;
		};
		0A39742D2E5A6CA600F27D16 /* Release */ = {
			isa = XCBuildConfiguration;
			buildSettings = {
				ASSETCATALOG_COMPILER_APPICON_NAME = AppIcon;
				ASSETCATALOG_COMPILER_GLOBAL_ACCENT_COLOR_NAME = AccentColor;
				CODE_SIGN_ENTITLEMENTS = Sonora/Sonora.entitlements;
				CODE_SIGN_STYLE = Automatic;
				CURRENT_PROJECT_VERSION = 1;
				DEVELOPMENT_TEAM = 9XWM5T8A87;
				ENABLE_PREVIEWS = YES;
				GENERATE_INFOPLIST_FILE = YES;
				INFOPLIST_FILE = Sonora/Info.plist;
				INFOPLIST_KEY_CFBundleDisplayName = Sonora;
				INFOPLIST_KEY_LSApplicationCategoryType = "public.app-category.productivity";
				INFOPLIST_KEY_NSMicrophoneUsageDescription = "Sonora records your voice memos. Recordings are saved on your device. If you enable cloud transcription, audio is sent securely for processing; on-device transcription is also available.";
				INFOPLIST_KEY_NSSupportsLiveActivities = YES;
				INFOPLIST_KEY_NSSupportsLiveActivitiesFrequentUpdates = NO;
				INFOPLIST_KEY_UIApplicationSceneManifest_Generation = YES;
				INFOPLIST_KEY_UIApplicationSupportsIndirectInputEvents = YES;
				INFOPLIST_KEY_UILaunchScreen_Generation = YES;
				INFOPLIST_KEY_UISupportedInterfaceOrientations = UIInterfaceOrientationPortrait;
				INFOPLIST_KEY_UISupportedInterfaceOrientations_iPad = "UIInterfaceOrientationLandscapeLeft UIInterfaceOrientationLandscapeRight UIInterfaceOrientationPortrait UIInterfaceOrientationPortraitUpsideDown";
				IPHONEOS_DEPLOYMENT_TARGET = 17.6;
				LD_RUNPATH_SEARCH_PATHS = (
					"$(inherited)",
					"@executable_path/Frameworks",
				);
				MARKETING_VERSION = 1.1.0;
				PRODUCT_BUNDLE_IDENTIFIER = com.samuelkahessay.Sonora;
				PRODUCT_NAME = "$(TARGET_NAME)";
				SUPPORTED_PLATFORMS = "iphoneos iphonesimulator";
				SUPPORTS_MACCATALYST = NO;
				SUPPORTS_MAC_DESIGNED_FOR_IPHONE_IPAD = NO;
				SUPPORTS_XR_DESIGNED_FOR_IPHONE_IPAD = NO;
				SWIFT_EMIT_LOC_STRINGS = YES;
				SWIFT_ENABLE_MACRO = YES;
				SWIFT_VERSION = 6.0;
				TARGETED_DEVICE_FAMILY = 1;
			};
			name = Release;
		};
		0A39742F2E5A6CA600F27D16 /* Debug */ = {
			isa = XCBuildConfiguration;
			buildSettings = {
				BUNDLE_LOADER = "$(TEST_HOST)";
				CODE_SIGN_STYLE = Automatic;
				CURRENT_PROJECT_VERSION = 1;
				DEVELOPMENT_TEAM = 9XWM5T8A87;
				GENERATE_INFOPLIST_FILE = YES;
				IPHONEOS_DEPLOYMENT_TARGET = 17.6;
				MARKETING_VERSION = 1.1.0;
				PRODUCT_BUNDLE_IDENTIFIER = com.samuelkahessay.SonoraTests;
				PRODUCT_NAME = "$(TARGET_NAME)";
				SWIFT_EMIT_LOC_STRINGS = NO;
				SWIFT_VERSION = 5.0;
				TARGETED_DEVICE_FAMILY = "1,2";
				TEST_HOST = "$(BUILT_PRODUCTS_DIR)/Sonora.app/$(BUNDLE_EXECUTABLE_FOLDER_PATH)/Sonora";
			};
			name = Debug;
		};
		0A3974302E5A6CA600F27D16 /* Release */ = {
			isa = XCBuildConfiguration;
			buildSettings = {
				BUNDLE_LOADER = "$(TEST_HOST)";
				CODE_SIGN_STYLE = Automatic;
				CURRENT_PROJECT_VERSION = 1;
				DEVELOPMENT_TEAM = 9XWM5T8A87;
				GENERATE_INFOPLIST_FILE = YES;
				IPHONEOS_DEPLOYMENT_TARGET = 17.6;
				MARKETING_VERSION = 1.1.0;
				PRODUCT_BUNDLE_IDENTIFIER = com.samuelkahessay.SonoraTests;
				PRODUCT_NAME = "$(TARGET_NAME)";
				SWIFT_EMIT_LOC_STRINGS = NO;
				SWIFT_VERSION = 5.0;
				TARGETED_DEVICE_FAMILY = "1,2";
				TEST_HOST = "$(BUILT_PRODUCTS_DIR)/Sonora.app/$(BUNDLE_EXECUTABLE_FOLDER_PATH)/Sonora";
			};
			name = Release;
		};
		0A3974322E5A6CA600F27D16 /* Debug */ = {
			isa = XCBuildConfiguration;
			buildSettings = {
				CODE_SIGN_STYLE = Automatic;
				CURRENT_PROJECT_VERSION = 1;
				DEVELOPMENT_TEAM = 9XWM5T8A87;
				GENERATE_INFOPLIST_FILE = YES;
				MARKETING_VERSION = 1.1.0;
				PRODUCT_BUNDLE_IDENTIFIER = com.samuelkahessay.SonoraUITests;
				PRODUCT_NAME = "$(TARGET_NAME)";
				SWIFT_EMIT_LOC_STRINGS = NO;
				SWIFT_VERSION = 5.0;
				TARGETED_DEVICE_FAMILY = "1,2";
				TEST_TARGET_NAME = Sonora;
			};
			name = Debug;
		};
		0A3974332E5A6CA600F27D16 /* Release */ = {
			isa = XCBuildConfiguration;
			buildSettings = {
				CODE_SIGN_STYLE = Automatic;
				CURRENT_PROJECT_VERSION = 1;
				DEVELOPMENT_TEAM = 9XWM5T8A87;
				GENERATE_INFOPLIST_FILE = YES;
				MARKETING_VERSION = 1.1.0;
				PRODUCT_BUNDLE_IDENTIFIER = com.samuelkahessay.SonoraUITests;
				PRODUCT_NAME = "$(TARGET_NAME)";
				SWIFT_EMIT_LOC_STRINGS = NO;
				SWIFT_VERSION = 5.0;
				TARGETED_DEVICE_FAMILY = "1,2";
				TEST_TARGET_NAME = Sonora;
			};
			name = Release;
		};
		0A875DAE2E600B7300245D4A /* Debug */ = {
			isa = XCBuildConfiguration;
			buildSettings = {
				ASSETCATALOG_COMPILER_GLOBAL_ACCENT_COLOR_NAME = AccentColor;
				ASSETCATALOG_COMPILER_WIDGET_BACKGROUND_COLOR_NAME = WidgetBackground;
				CODE_SIGN_ENTITLEMENTS = SonoraLiveActivityExtension.entitlements;
				CODE_SIGN_STYLE = Automatic;
				CURRENT_PROJECT_VERSION = 1;
				DEVELOPMENT_TEAM = 9XWM5T8A87;
				GENERATE_INFOPLIST_FILE = YES;
				INFOPLIST_FILE = SonoraLiveActivity/Info.plist;
				INFOPLIST_KEY_CFBundleDisplayName = SonoraLiveActivity;
				INFOPLIST_KEY_NSHumanReadableCopyright = "";
				IPHONEOS_DEPLOYMENT_TARGET = 17.6;
				LD_RUNPATH_SEARCH_PATHS = (
					"$(inherited)",
					"@executable_path/Frameworks",
					"@executable_path/../../Frameworks",
				);
				MARKETING_VERSION = 1.1.0;
				PRODUCT_BUNDLE_IDENTIFIER = com.samuelkahessay.Sonora.SonoraLiveActivity;
				PRODUCT_NAME = "$(TARGET_NAME)";
				SKIP_INSTALL = YES;
				SWIFT_EMIT_LOC_STRINGS = YES;
				SWIFT_VERSION = 5.0;
				TARGETED_DEVICE_FAMILY = "1,2";
			};
			name = Debug;
		};
		0A875DAF2E600B7300245D4A /* Release */ = {
			isa = XCBuildConfiguration;
			buildSettings = {
				ASSETCATALOG_COMPILER_GLOBAL_ACCENT_COLOR_NAME = AccentColor;
				ASSETCATALOG_COMPILER_WIDGET_BACKGROUND_COLOR_NAME = WidgetBackground;
				CODE_SIGN_ENTITLEMENTS = SonoraLiveActivityExtension.entitlements;
				CODE_SIGN_STYLE = Automatic;
				CURRENT_PROJECT_VERSION = 1;
				DEVELOPMENT_TEAM = 9XWM5T8A87;
				GENERATE_INFOPLIST_FILE = YES;
				INFOPLIST_FILE = SonoraLiveActivity/Info.plist;
				INFOPLIST_KEY_CFBundleDisplayName = SonoraLiveActivity;
				INFOPLIST_KEY_NSHumanReadableCopyright = "";
				IPHONEOS_DEPLOYMENT_TARGET = 17.6;
				LD_RUNPATH_SEARCH_PATHS = (
					"$(inherited)",
					"@executable_path/Frameworks",
					"@executable_path/../../Frameworks",
				);
				MARKETING_VERSION = 1.1.0;
				PRODUCT_BUNDLE_IDENTIFIER = com.samuelkahessay.Sonora.SonoraLiveActivity;
				PRODUCT_NAME = "$(TARGET_NAME)";
				SKIP_INSTALL = YES;
				SWIFT_EMIT_LOC_STRINGS = YES;
				SWIFT_VERSION = 5.0;
				TARGETED_DEVICE_FAMILY = "1,2";
			};
			name = Release;
		};
/* End XCBuildConfiguration section */

/* Begin XCConfigurationList section */
		0A3974052E5A6CA400F27D16 /* Build configuration list for PBXProject "Sonora" */ = {
			isa = XCConfigurationList;
			buildConfigurations = (
				0A3974292E5A6CA600F27D16 /* Debug */,
				0A39742A2E5A6CA600F27D16 /* Release */,
			);
			defaultConfigurationIsVisible = 0;
			defaultConfigurationName = Release;
		};
		0A39742B2E5A6CA600F27D16 /* Build configuration list for PBXNativeTarget "Sonora" */ = {
			isa = XCConfigurationList;
			buildConfigurations = (
				0A39742C2E5A6CA600F27D16 /* Debug */,
				0A39742D2E5A6CA600F27D16 /* Release */,
			);
			defaultConfigurationIsVisible = 0;
			defaultConfigurationName = Release;
		};
		0A39742E2E5A6CA600F27D16 /* Build configuration list for PBXNativeTarget "SonoraTests" */ = {
			isa = XCConfigurationList;
			buildConfigurations = (
				0A39742F2E5A6CA600F27D16 /* Debug */,
				0A3974302E5A6CA600F27D16 /* Release */,
			);
			defaultConfigurationIsVisible = 0;
			defaultConfigurationName = Release;
		};
		0A3974312E5A6CA600F27D16 /* Build configuration list for PBXNativeTarget "SonoraUITests" */ = {
			isa = XCConfigurationList;
			buildConfigurations = (
				0A3974322E5A6CA600F27D16 /* Debug */,
				0A3974332E5A6CA600F27D16 /* Release */,
			);
			defaultConfigurationIsVisible = 0;
			defaultConfigurationName = Release;
		};
		0A875DAD2E600B7300245D4A /* Build configuration list for PBXNativeTarget "SonoraLiveActivityExtension" */ = {
			isa = XCConfigurationList;
			buildConfigurations = (
				0A875DAE2E600B7300245D4A /* Debug */,
				0A875DAF2E600B7300245D4A /* Release */,
			);
			defaultConfigurationIsVisible = 0;
			defaultConfigurationName = Release;
		};
/* End XCConfigurationList section */

/* Begin XCRemoteSwiftPackageReference section */
		0AA6FA0E2E63710600C8BF7A /* XCRemoteSwiftPackageReference "ZIPFoundation" */ = {
			isa = XCRemoteSwiftPackageReference;
			repositoryURL = "https://github.com/weichsel/ZIPFoundation";
			requirement = {
				kind = upToNextMajorVersion;
				minimumVersion = 0.9.19;
			};
		};
/* End XCRemoteSwiftPackageReference section */

/* Begin XCSwiftPackageProductDependency section */
		0AA6FA0F2E63710600C8BF7A /* ZIPFoundation */ = {
			isa = XCSwiftPackageProductDependency;
			package = 0AA6FA0E2E63710600C8BF7A /* XCRemoteSwiftPackageReference "ZIPFoundation" */;
			productName = ZIPFoundation;
		};
/* End XCSwiftPackageProductDependency section */
	};
	rootObject = 0A3974022E5A6CA400F27D16 /* Project object */;
}
